
Microsoft Visual Studio Solution File, Format Version 12.00
# Visual Studio Version 16
VisualStudioVersion = 16.0.32929.386
MinimumVisualStudioVersion = 10.0.40219.1
Project("{FAE04EC0-301F-11D3-BF4B-00C04F79EFBC}") = "StackClassImplementation", "StackClassImplementation\StackClassImplementation.csproj", "{4F976DA9-7E56-45B7-AEA2-3881B8549EAF}"
EndProject
Global
	GlobalSection(SolutionConfigurationPlatforms) = preSolution
		Debug|Any CPU = Debug|Any CPU
		Release|Any CPU = Release|Any CPU
	EndGlobalSection
	GlobalSection(ProjectConfigurationPlatforms) = postSolution
		{4F976DA9-7E56-45B7-AEA2-3881B8549EAF}.Debug|Any CPU.ActiveCfg = Debug|Any CPU
		{4F976DA9-7E56-45B7-AEA2-3881B8549EAF}.Debug|Any CPU.Build.0 = Debug|Any CPU
		{4F976DA9-7E56-45B7-AEA2-3881B8549EAF}.Release|Any CPU.ActiveCfg = Release|Any CPU
		{4F976DA9-7E56-45B7-AEA2-3881B8549EAF}.Release|Any CPU.Build.0 = Release|Any CPU
	EndGlobalSection
	GlobalSection(SolutionProperties) = preSolution
		HideSolutionNode = FALSE
	EndGlobalSection
	GlobalSection(ExtensibilityGlobals) = postSolution
		SolutionGuid = {D1AE7695-B2AC-48EE-8705-D1D0AFF10F1C}
	EndGlobalSection
EndGlobal
